
Microsoft Visual Studio Solution File, Format Version 12.00
# Visual Studio Version 16
VisualStudioVersion = 16.0.31515.178
MinimumVisualStudioVersion = 10.0.40219.1
Project("{FAE04EC0-301F-11D3-BF4B-00C04F79EFBC}") = "EntityFrame", "EntityFrame\EntityFrame.csproj", "{9F553708-6949-4444-9DDD-0EDE760A7B95}"
EndProject
Global
	GlobalSection(SolutionConfigurationPlatforms) = preSolution
		Debug|Any CPU = Debug|Any CPU
		Release|Any CPU = Release|Any CPU
	EndGlobalSection
	GlobalSection(ProjectConfigurationPlatforms) = postSolution
		{9F553708-6949-4444-9DDD-0EDE760A7B95}.Debug|Any CPU.ActiveCfg = Debug|Any CPU
		{9F553708-6949-4444-9DDD-0EDE760A7B95}.Debug|Any CPU.Build.0 = Debug|Any CPU
		{9F553708-6949-4444-9DDD-0EDE760A7B95}.Release|Any CPU.ActiveCfg = Release|Any CPU
		{9F553708-6949-4444-9DDD-0EDE760A7B95}.Release|Any CPU.Build.0 = Release|Any CPU
	EndGlobalSection
	GlobalSection(SolutionProperties) = preSolution
		HideSolutionNode = FALSE
	EndGlobalSection
	GlobalSection(ExtensibilityGlobals) = postSolution
		SolutionGuid = {2F481D08-060A-400D-A5F6-F5CE3E4858F4}
	EndGlobalSection
EndGlobal
